
Microsoft Visual Studio Solution File, Format Version 12.00
# Visual Studio 15
VisualStudioVersion = 15.0.27703.2035
MinimumVisualStudioVersion = 10.0.40219.1
Project("{FAE04EC0-301F-11D3-BF4B-00C04F79EFBC}") = "inheritOverride", "inherit\inheritOverride.csproj", "{5E4EF729-9DB6-4268-93FB-5B8C59E6C9F7}"
EndProject
Project("{FAE04EC0-301F-11D3-BF4B-00C04F79EFBC}") = "test", "test\test.csproj", "{ACCD2AB4-2D9E-4478-923B-F0806D50384F}"
EndProject
Project("{FAE04EC0-301F-11D3-BF4B-00C04F79EFBC}") = "InterFace", "InterFace\InterFace.csproj", "{36313A3B-9881-4C3C-870E-967D4A5228FF}"
EndProject
Project("{FAE04EC0-301F-11D3-BF4B-00C04F79EFBC}") = "IEnumerabl", "sakhteShomareshi\IEnumerabl.csproj", "{FC20E0D0-4652-4F65-8DBD-183EE13D3011}"
EndProject
Project("{FAE04EC0-301F-11D3-BF4B-00C04F79EFBC}") = "IEquatableGeneric", "IEquatableGeneric\IEquatableGeneric.csproj", "{5343E789-CA31-4613-A542-5D23D941AA2F}"
EndProject
Project("{FAE04EC0-301F-11D3-BF4B-00C04F79EFBC}") = "FileTxt", "File\FileTxt.csproj", "{A1AB7F04-31CC-475E-A3A2-70E52BC09395}"
EndProject
Global
	GlobalSection(SolutionConfigurationPlatforms) = preSolution
		Debug|Any CPU = Debug|Any CPU
		Release|Any CPU = Release|Any CPU
	EndGlobalSection
	GlobalSection(ProjectConfigurationPlatforms) = postSolution
		{5E4EF729-9DB6-4268-93FB-5B8C59E6C9F7}.Debug|Any CPU.ActiveCfg = Debug|Any CPU
		{5E4EF729-9DB6-4268-93FB-5B8C59E6C9F7}.Debug|Any CPU.Build.0 = Debug|Any CPU
		{5E4EF729-9DB6-4268-93FB-5B8C59E6C9F7}.Release|Any CPU.ActiveCfg = Release|Any CPU
		{5E4EF729-9DB6-4268-93FB-5B8C59E6C9F7}.Release|Any CPU.Build.0 = Release|Any CPU
		{ACCD2AB4-2D9E-4478-923B-F0806D50384F}.Debug|Any CPU.ActiveCfg = Debug|Any CPU
		{ACCD2AB4-2D9E-4478-923B-F0806D50384F}.Debug|Any CPU.Build.0 = Debug|Any CPU
		{ACCD2AB4-2D9E-4478-923B-F0806D50384F}.Release|Any CPU.ActiveCfg = Release|Any CPU
		{ACCD2AB4-2D9E-4478-923B-F0806D50384F}.Release|Any CPU.Build.0 = Release|Any CPU
		{36313A3B-9881-4C3C-870E-967D4A5228FF}.Debug|Any CPU.ActiveCfg = Debug|Any CPU
		{36313A3B-9881-4C3C-870E-967D4A5228FF}.Debug|Any CPU.Build.0 = Debug|Any CPU
		{36313A3B-9881-4C3C-870E-967D4A5228FF}.Release|Any CPU.ActiveCfg = Release|Any CPU
		{36313A3B-9881-4C3C-870E-967D4A5228FF}.Release|Any CPU.Build.0 = Release|Any CPU
		{FC20E0D0-4652-4F65-8DBD-183EE13D3011}.Debug|Any CPU.ActiveCfg = Debug|Any CPU
		{FC20E0D0-4652-4F65-8DBD-183EE13D3011}.Debug|Any CPU.Build.0 = Debug|Any CPU
		{FC20E0D0-4652-4F65-8DBD-183EE13D3011}.Release|Any CPU.ActiveCfg = Release|Any CPU
		{FC20E0D0-4652-4F65-8DBD-183EE13D3011}.Release|Any CPU.Build.0 = Release|Any CPU
		{5343E789-CA31-4613-A542-5D23D941AA2F}.Debug|Any CPU.ActiveCfg = Debug|Any CPU
		{5343E789-CA31-4613-A542-5D23D941AA2F}.Debug|Any CPU.Build.0 = Debug|Any CPU
		{5343E789-CA31-4613-A542-5D23D941AA2F}.Release|Any CPU.ActiveCfg = Release|Any CPU
		{5343E789-CA31-4613-A542-5D23D941AA2F}.Release|Any CPU.Build.0 = Release|Any CPU
		{A1AB7F04-31CC-475E-A3A2-70E52BC09395}.Debug|Any CPU.ActiveCfg = Debug|Any CPU
		{A1AB7F04-31CC-475E-A3A2-70E52BC09395}.Debug|Any CPU.Build.0 = Debug|Any CPU
		{A1AB7F04-31CC-475E-A3A2-70E52BC09395}.Release|Any CPU.ActiveCfg = Release|Any CPU
		{A1AB7F04-31CC-475E-A3A2-70E52BC09395}.Release|Any CPU.Build.0 = Release|Any CPU
	EndGlobalSection
	GlobalSection(SolutionProperties) = preSolution
		HideSolutionNode = FALSE
	EndGlobalSection
	GlobalSection(ExtensibilityGlobals) = postSolution
		SolutionGuid = {8D9EA4AF-EB49-485C-BB4A-27CAB49FD43B}
	EndGlobalSection
EndGlobal
